
Microsoft Visual Studio Solution File, Format Version 12.00
# Visual Studio 15
VisualStudioVersion = 15.0.28307.1022
MinimumVisualStudioVersion = 10.0.40219.1
Project("{FAE04EC0-301F-11D3-BF4B-00C04F79EFBC}") = "Bai3", "Bai3\Bai3.csproj", "{E867FEED-D43F-4D4C-8384-9E549D08EE0C}"
EndProject
Global
	GlobalSection(SolutionConfigurationPlatforms) = preSolution
		Debug|Any CPU = Debug|Any CPU
		Release|Any CPU = Release|Any CPU
	EndGlobalSection
	GlobalSection(ProjectConfigurationPlatforms) = postSolution
		{E867FEED-D43F-4D4C-8384-9E549D08EE0C}.Debug|Any CPU.ActiveCfg = Debug|Any CPU
		{E867FEED-D43F-4D4C-8384-9E549D08EE0C}.Debug|Any CPU.Build.0 = Debug|Any CPU
		{E867FEED-D43F-4D4C-8384-9E549D08EE0C}.Release|Any CPU.ActiveCfg = Release|Any CPU
		{E867FEED-D43F-4D4C-8384-9E549D08EE0C}.Release|Any CPU.Build.0 = Release|Any CPU
	EndGlobalSection
	GlobalSection(SolutionProperties) = preSolution
		HideSolutionNode = FALSE
	EndGlobalSection
	GlobalSection(ExtensibilityGlobals) = postSolution
		SolutionGuid = {EC35BE14-892A-4D23-8966-02D0786C6534}
	EndGlobalSection
EndGlobal
